
Microsoft Visual Studio Solution File, Format Version 12.00
# Visual Studio Version 17
VisualStudioVersion = 17.5.33516.290
MinimumVisualStudioVersion = 10.0.40219.1
Project("{FAE04EC0-301F-11D3-BF4B-00C04F79EFBC}") = "DutyNotif", "DutyNotif\DutyNotif.csproj", "{A0A69EAE-DFC0-4297-8CC5-B469726F642A}"
EndProject
Global
	GlobalSection(SolutionConfigurationPlatforms) = preSolution
		Debug|Any CPU = Debug|Any CPU
		Release|Any CPU = Release|Any CPU
	EndGlobalSection
	GlobalSection(ProjectConfigurationPlatforms) = postSolution
		{A0A69EAE-DFC0-4297-8CC5-B469726F642A}.Debug|Any CPU.ActiveCfg = Debug|Any CPU
		{A0A69EAE-DFC0-4297-8CC5-B469726F642A}.Debug|Any CPU.Build.0 = Debug|Any CPU
		{A0A69EAE-DFC0-4297-8CC5-B469726F642A}.Release|Any CPU.ActiveCfg = Release|Any CPU
		{A0A69EAE-DFC0-4297-8CC5-B469726F642A}.Release|Any CPU.Build.0 = Release|Any CPU
	EndGlobalSection
	GlobalSection(SolutionProperties) = preSolution
		HideSolutionNode = FALSE
	EndGlobalSection
	GlobalSection(ExtensibilityGlobals) = postSolution
		SolutionGuid = {2C1839A8-C65D-4C2A-81AD-6BCFD33A3AFD}
	EndGlobalSection
EndGlobal
